# THIS IS AN AUTOGENERATED FILE. DO NOT EDIT THIS FILE DIRECTLY.
# yarn lockfile v1


cross-spawn@^7.0.0:
  version "7.0.3"
  resolved "https://registry.yarnpkg.com/cross-spawn/-/cross-spawn-7.0.3.tgz#f73a85b9d5d41d045551c177e2882d4ac85728a6"
  integrity sha512-iRDPJKUPVEND7dHPO8rkbOnPpyDygcDFtWjpeWNCgy8WP2rXcxXL8TskReQl6OrB2G7+UJrags1q15Fudc7G6w==
  dependencies:
    path-key "^3.1.0"
    shebang-command "^2.0.0"
    which "^2.0.1"

end-of-stream@^1.1.0:
  version "1.4.4"
  resolved "https://registry.yarnpkg.com/end-of-stream/-/end-of-stream-1.4.4.tgz#5ae64a5f45057baf3626ec14da0ca5e4b2431eb0"
  integrity sha512-+uw1inIHVPQoaVuHzRyXd21icM+cnt4CzD5rW+NC1wjOUSTOs+Te7FOv7AhN7vS9x/oIyhLP5PR1H+phQAHu5Q==
  dependencies:
    once "^1.4.0"

execa@^4.0.0:
  version "4.1.0"
  resolved "https://registry.yarnpkg.com/execa/-/execa-4.1.0.tgz#4e5491ad1572f2f17a77d388c6c857135b22847a"
  integrity sha512-j5W0//W7f8UxAn8hXVnwG8tLwdiUy4FJLcSupCg6maBYZDpyBvTApK7KyuI4bKj8KOh1r2YH+6ucuYtJv1bTZA==
  dependencies:
    cross-spawn "^7.0.0"
    get-stream "^5.0.0"
    human-signals "^1.1.1"
    is-stream "^2.0.0"
    merge-stream "^2.0.0"
    npm-run-path "^4.0.0"
    onetime "^5.1.0"
    signal-exit "^3.0.2"
    strip-final-newline "^2.0.0"

get-stream@^5.0.0:
  version "5.2.0"
  resolved "https://registry.yarnpkg.com/get-stream/-/get-stream-5.2.0.tgz#4966a1795ee5ace65e706c4b7beb71257d6e22d3"
  integrity sha512-nBF+F1rAZVCu/p7rjzgA+Yb4lfYXrpl7a6VmJrU8wF9I1CKvP/QwPNZHnOlwbTkY6dvtFIzFMSyQXbLoTQPRpA==
  dependencies:
    pump "^3.0.0"

human-signals@^1.1.1:
  version "1.1.1"
  resolved "https://registry.yarnpkg.com/human-signals/-/human-signals-1.1.1.tgz#c5b1cd14f50aeae09ab6c59fe63ba3395fe4dfa3"
  integrity sha512-SEQu7vl8KjNL2eoGBLF3+wAjpsNfA9XMlXAYj/3EdaNfAlxKthD1xjEQfGOUhllCGGJVNY34bRr6lPINhNjyZw==

invert-kv@^3.0.0:
  version "3.0.1"
  resolved "https://registry.yarnpkg.com/invert-kv/-/invert-kv-3.0.1.tgz#a93c7a3d4386a1dc8325b97da9bb1620c0282523"
  integrity sha512-CYdFeFexxhv/Bcny+Q0BfOV+ltRlJcd4BBZBYFX/O0u4npJrgZtIcjokegtiSMAvlMTJ+Koq0GBCc//3bueQxw==

is-stream@^2.0.0:
  version "2.0.0"
  resolved "https://registry.yarnpkg.com/is-stream/-/is-stream-2.0.0.tgz#bde9c32680d6fae04129d6ac9d921ce7815f78e3"
  integrity sha512-XCoy+WlUr7d1+Z8GgSuXmpuUFC9fOhRXglJMx+dwLKTkL44Cjd4W1Z5P+BQZpr+cR93aGP4S/s7Ftw6Nd/kiEw==

isexe@^2.0.0:
  version "2.0.0"
  resolved "https://registry.yarnpkg.com/isexe/-/isexe-2.0.0.tgz#e8fbf374dc556ff8947a10dcb0572d633f2cfa10"
  integrity sha1-6PvzdNxVb/iUehDcsFctYz8s+hA=

lcid@^3.0.0:
  version "3.1.1"
  resolved "https://registry.yarnpkg.com/lcid/-/lcid-3.1.1.tgz#9030ec479a058fc36b5e8243ebaac8b6ac582fd0"
  integrity sha512-M6T051+5QCGLBQb8id3hdvIW8+zeFV2FyBGFS9IEK5H9Wt4MueD4bW1eWikpHgZp+5xR3l5c8pZUkQsIA0BFZg==
  dependencies:
    invert-kv "^3.0.0"

map-age-cleaner@^0.1.3:
  version "0.1.3"
  resolved "https://registry.yarnpkg.com/map-age-cleaner/-/map-age-cleaner-0.1.3.tgz#7d583a7306434c055fe474b0f45078e6e1b4b92a"
  integrity sha512-bJzx6nMoP6PDLPBFmg7+xRKeFZvFboMrGlxmNj9ClvX53KrmvM5bXFXEWjbz4cz1AFn+jWJ9z/DJSz7hrs0w3w==
  dependencies:
    p-defer "^1.0.0"

mem@^5.0.0:
  version "5.1.1"
  resolved "https://registry.yarnpkg.com/mem/-/mem-5.1.1.tgz#7059b67bf9ac2c924c9f1cff7155a064394adfb3"
  integrity sha512-qvwipnozMohxLXG1pOqoLiZKNkC4r4qqRucSoDwXowsNGDSULiqFTRUF05vcZWnwJSG22qTsynQhxbaMtnX9gw==
  dependencies:
    map-age-cleaner "^0.1.3"
    mimic-fn "^2.1.0"
    p-is-promise "^2.1.0"

merge-stream@^2.0.0:
  version "2.0.0"
  resolved "https://registry.yarnpkg.com/merge-stream/-/merge-stream-2.0.0.tgz#52823629a14dd00c9770fb6ad47dc6310f2c1f60"
  integrity sha512-abv/qOcuPfk3URPfDzmZU1LKmuw8kT+0nIHvKrKgFrwifol/doWcdA4ZqsWQ8ENrFKkd67Mfpo/LovbIUsbt3w==

mimic-fn@^2.1.0:
  version "2.1.0"
  resolved "https://registry.yarnpkg.com/mimic-fn/-/mimic-fn-2.1.0.tgz#7ed2c2ccccaf84d3ffcb7a69b57711fc2083401b"
  integrity sha512-OqbOk5oEQeAZ8WXWydlu9HJjz9WVdEIvamMCcXmuqUYjTknH/sqsWvhQ3vgwKFRR1HpjvNBKQ37nbJgYzGqGcg==

npm-run-path@^4.0.0:
  version "4.0.1"
  resolved "https://registry.yarnpkg.com/npm-run-path/-/npm-run-path-4.0.1.tgz#b7ecd1e5ed53da8e37a55e1c2269e0b97ed748ea"
  integrity sha512-S48WzZW777zhNIrn7gxOlISNAqi9ZC/uQFnRdbeIHhZhCA6UqpkOT8T1G7BvfdgP4Er8gF4sUbaS0i7QvIfCWw==
  dependencies:
    path-key "^3.0.0"

once@^1.3.1, once@^1.4.0:
  version "1.4.0"
  resolved "https://registry.yarnpkg.com/once/-/once-1.4.0.tgz#583b1aa775961d4b113ac17d9c50baef9dd76bd1"
  integrity sha1-WDsap3WWHUsROsF9nFC6753Xa9E=
  dependencies:
    wrappy "1"

onetime@^5.1.0:
  version "5.1.2"
  resolved "https://registry.yarnpkg.com/onetime/-/onetime-5.1.2.tgz#d0e96ebb56b07476df1dd9c4806e5237985ca45e"
  integrity sha512-kbpaSSGJTWdAY5KPVeMOKXSrPtr8C8C7wodJbcsd51jRnmD+GZu8Y0VoU6Dm5Z4vWr0Ig/1NKuWRKf7j5aaYSg==
  dependencies:
    mimic-fn "^2.1.0"

os-locale@^5.0.0:
  version "5.0.0"
  resolved "https://registry.yarnpkg.com/os-locale/-/os-locale-5.0.0.tgz#6d26c1d95b6597c5d5317bf5fba37eccec3672e0"
  integrity sha512-tqZcNEDAIZKBEPnHPlVDvKrp7NzgLi7jRmhKiUoa2NUmhl13FtkAGLUVR+ZsYvApBQdBfYm43A4tXXQ4IrYLBA==
  dependencies:
    execa "^4.0.0"
    lcid "^3.0.0"
    mem "^5.0.0"

p-defer@^1.0.0:
  version "1.0.0"
  resolved "https://registry.yarnpkg.com/p-defer/-/p-defer-1.0.0.tgz#9f6eb182f6c9aa8cd743004a7d4f96b196b0fb0c"
  integrity sha1-n26xgvbJqozXQwBKfU+WsZaw+ww=

p-is-promise@^2.1.0:
  version "2.1.0"
  resolved "https://registry.yarnpkg.com/p-is-promise/-/p-is-promise-2.1.0.tgz#918cebaea248a62cf7ffab8e3bca8c5f882fc42e"
  integrity sha512-Y3W0wlRPK8ZMRbNq97l4M5otioeA5lm1z7bkNkxCka8HSPjR0xRWmpCmc9utiaLP9Jb1eD8BgeIxTW4AIF45Pg==

path-key@^3.0.0, path-key@^3.1.0:
  version "3.1.1"
  resolved "https://registry.yarnpkg.com/path-key/-/path-key-3.1.1.tgz#581f6ade658cbba65a0d3380de7753295054f375"
  integrity sha512-ojmeN0qd+y0jszEtoY48r0Peq5dwMEkIlCOu6Q5f41lfkswXuKtYrhgoTpLnyIcHm24Uhqx+5Tqm2InSwLhE6Q==

pump@^3.0.0:
  version "3.0.0"
  resolved "https://registry.yarnpkg.com/pump/-/pump-3.0.0.tgz#b4a2116815bde2f4e1ea602354e8c75565107a64"
  integrity sha512-LwZy+p3SFs1Pytd/jYct4wpv49HiYCqd9Rlc5ZVdk0V+8Yzv6jR5Blk3TRmPL1ft69TxP0IMZGJ+WPFU2BFhww==
  dependencies:
    end-of-stream "^1.1.0"
    once "^1.3.1"

shebang-command@^2.0.0:
  version "2.0.0"
  resolved "https://registry.yarnpkg.com/shebang-command/-/shebang-command-2.0.0.tgz#ccd0af4f8835fbdc265b82461aaf0c36663f34ea"
  integrity sha512-kHxr2zZpYtdmrN1qDjrrX/Z1rR1kG8Dx+gkpK1G4eXmvXswmcE1hTWBWYUzlraYw1/yZp6YuDY77YtvbN0dmDA==
  dependencies:
    shebang-regex "^3.0.0"

shebang-regex@^3.0.0:
  version "3.0.0"
  resolved "https://registry.yarnpkg.com/shebang-regex/-/shebang-regex-3.0.0.tgz#ae16f1644d873ecad843b0307b143362d4c42172"
  integrity sha512-7++dFhtcx3353uBaq8DDR4NuxBetBzC7ZQOhmTQInHEd6bSrXdiEyzCvG07Z44UYdLShWUyXt5M/yhz8ekcb1A==

signal-exit@^3.0.2:
  version "3.0.3"
  resolved "https://registry.yarnpkg.com/signal-exit/-/signal-exit-3.0.3.tgz#a1410c2edd8f077b08b4e253c8eacfcaf057461c"
  integrity sha512-VUJ49FC8U1OxwZLxIbTTrDvLnf/6TDgxZcK8wxR8zs13xpx7xbG60ndBlhNrFi2EMuFRoeDoJO7wthSLq42EjA==

strip-final-newline@^2.0.0:
  version "2.0.0"
  resolved "https://registry.yarnpkg.com/strip-final-newline/-/strip-final-newline-2.0.0.tgz#89b852fb2fcbe936f6f4b3187afb0a12c1ab58ad"
  integrity sha512-BrpvfNAE3dcvq7ll3xVumzjKjZQ5tI1sEUIKr3Uoks0XUl45St3FlatVqef9prk4jRDzhW6WZg+3bk93y6pLjA==

which@^2.0.1:
  version "2.0.2"
  resolved "https://registry.yarnpkg.com/which/-/which-2.0.2.tgz#7c6a8dd0a636a0327e10b59c9286eee93f3f51b1"
  integrity sha512-BLI3Tl1TW3Pvl70l3yq3Y64i+awpwXqsGBYWkkqMtnbXgrMD+yj7rhW0kuEDxzJaYXGjEW5ogapKNMEKNMjibA==
  dependencies:
    isexe "^2.0.0"

wrappy@1:
  version "1.0.2"
  resolved "https://registry.yarnpkg.com/wrappy/-/wrappy-1.0.2.tgz#b5243d8f3ec1aa35f1364605bc0d1036e30ab69f"
  integrity sha1-tSQ9jz7BqjXxNkYFvA0QNuMKtp8=
