# THIS IS AN AUTOGENERATED FILE. DO NOT EDIT THIS FILE DIRECTLY.
# yarn lockfile v1


"@types/ip@^1.1.0":
  "integrity" "sha512-dwNe8gOoF70VdL6WJBwVHtQmAX4RMd62M+mAB9HQFjG1/qiCLM/meRy95Pd14FYBbEDwCq7jgJs89cHpLBu4HQ=="
  "resolved" "https://registry.npmjs.org/@types/ip/-/ip-1.1.0.tgz"
  "version" "1.1.0"
  dependencies:
    "@types/node" "*"

"@types/node@*":
  "integrity" "sha512-jJs9ErFLP403I+hMLGnqDRWT0RYKSvArxuBVh2veudHV7ifEC1WAmjJADacZ7mRbA2nWgHtn8xyECMAot0SkAw=="
  "resolved" "https://registry.npmjs.org/@types/node/-/node-16.3.2.tgz"
  "version" "16.3.2"

"dotenv@^16.0.3":
  "integrity" "sha512-7GO6HghkA5fYG9TYnNxi14/7K9f5occMlp3zXAuSxn7CKCxt9xbNWG7yF8hTCSUchlfWSe3uLmlPfigevRItzQ=="
  "resolved" "https://registry.npmjs.org/dotenv/-/dotenv-16.0.3.tgz"
  "version" "16.0.3"

"ip@^1.1.5":
  "integrity" "sha1-vd7XARQpCCjAoDnnLvJfWq7ENUo="
  "resolved" "https://registry.npmjs.org/ip/-/ip-1.1.5.tgz"
  "version" "1.1.5"
